
Microsoft Visual Studio Solution File, Format Version 12.00
# Visual Studio Version 16
VisualStudioVersion = 25.0.1706.8
MinimumVisualStudioVersion = 10.0.40219.1
Project("{FAE04EC0-301F-11D3-BF4B-00C04F79EFBC}") = "intro", "intro\intro.csproj", "{DD360F2F-FB5A-465F-89BF-964786DA8326}"
EndProject
Global
	GlobalSection(SolutionConfigurationPlatforms) = preSolution
		Debug|Any CPU = Debug|Any CPU
		Release|Any CPU = Release|Any CPU
	EndGlobalSection
	GlobalSection(ProjectConfigurationPlatforms) = postSolution
		{DD360F2F-FB5A-465F-89BF-964786DA8326}.Debug|Any CPU.ActiveCfg = Debug|Any CPU
		{DD360F2F-FB5A-465F-89BF-964786DA8326}.Debug|Any CPU.Build.0 = Debug|Any CPU
		{DD360F2F-FB5A-465F-89BF-964786DA8326}.Release|Any CPU.ActiveCfg = Release|Any CPU
		{DD360F2F-FB5A-465F-89BF-964786DA8326}.Release|Any CPU.Build.0 = Release|Any CPU
	EndGlobalSection
	GlobalSection(SolutionProperties) = preSolution
		HideSolutionNode = FALSE
	EndGlobalSection
	GlobalSection(ExtensibilityGlobals) = postSolution
		SolutionGuid = {37792601-0783-4540-B1A8-227DF3F9B3C8}
	EndGlobalSection
EndGlobal
