
Microsoft Visual Studio Solution File, Format Version 12.00
# Visual Studio Version 16
VisualStudioVersion = 25.0.1706.9
MinimumVisualStudioVersion = 10.0.40219.1
Project("{FAE04EC0-301F-11D3-BF4B-00C04F79EFBC}") = "KodlamaIOCCC", "KodlamaIOCCC\KodlamaIOCCC.csproj", "{54C4EDBA-D181-44C6-802C-E9E4207DD65C}"
EndProject
Global
	GlobalSection(SolutionConfigurationPlatforms) = preSolution
		Debug|Any CPU = Debug|Any CPU
		Release|Any CPU = Release|Any CPU
	EndGlobalSection
	GlobalSection(ProjectConfigurationPlatforms) = postSolution
		{54C4EDBA-D181-44C6-802C-E9E4207DD65C}.Debug|Any CPU.ActiveCfg = Debug|Any CPU
		{54C4EDBA-D181-44C6-802C-E9E4207DD65C}.Debug|Any CPU.Build.0 = Debug|Any CPU
		{54C4EDBA-D181-44C6-802C-E9E4207DD65C}.Release|Any CPU.ActiveCfg = Release|Any CPU
		{54C4EDBA-D181-44C6-802C-E9E4207DD65C}.Release|Any CPU.Build.0 = Release|Any CPU
	EndGlobalSection
	GlobalSection(SolutionProperties) = preSolution
		HideSolutionNode = FALSE
	EndGlobalSection
	GlobalSection(ExtensibilityGlobals) = postSolution
		SolutionGuid = {ABA2B781-B83A-4D3B-8676-E9DABCAD6A0A}
	EndGlobalSection
EndGlobal
